
Microsoft Visual Studio Solution File, Format Version 12.00
# Visual Studio 15
VisualStudioVersion = 15.0.27703.2047
MinimumVisualStudioVersion = 10.0.40219.1
Project("{FAE04EC0-301F-11D3-BF4B-00C04F79EFBC}") = "Fileholder", "Fileholder\Fileholder.csproj", "{86003EF4-161B-4D47-A407-02AB2BCF7BA5}"
	ProjectSection(ProjectDependencies) = postProject
		{3EF08DF6-B9C2-478D-95B3-7AE398D9BF00} = {3EF08DF6-B9C2-478D-95B3-7AE398D9BF00}
	EndProjectSection
EndProject
Project("{FAE04EC0-301F-11D3-BF4B-00C04F79EFBC}") = "Fileholder.Domain", "FIleholder.Domain\Fileholder.Domain.csproj", "{3EF08DF6-B9C2-478D-95B3-7AE398D9BF00}"
EndProject
Global
	GlobalSection(SolutionConfigurationPlatforms) = preSolution
		Debug|Any CPU = Debug|Any CPU
		Release|Any CPU = Release|Any CPU
	EndGlobalSection
	GlobalSection(ProjectConfigurationPlatforms) = postSolution
		{86003EF4-161B-4D47-A407-02AB2BCF7BA5}.Debug|Any CPU.ActiveCfg = Debug|Any CPU
		{86003EF4-161B-4D47-A407-02AB2BCF7BA5}.Debug|Any CPU.Build.0 = Debug|Any CPU
		{86003EF4-161B-4D47-A407-02AB2BCF7BA5}.Release|Any CPU.ActiveCfg = Release|Any CPU
		{86003EF4-161B-4D47-A407-02AB2BCF7BA5}.Release|Any CPU.Build.0 = Release|Any CPU
		{3EF08DF6-B9C2-478D-95B3-7AE398D9BF00}.Debug|Any CPU.ActiveCfg = Debug|Any CPU
		{3EF08DF6-B9C2-478D-95B3-7AE398D9BF00}.Debug|Any CPU.Build.0 = Debug|Any CPU
		{3EF08DF6-B9C2-478D-95B3-7AE398D9BF00}.Release|Any CPU.ActiveCfg = Release|Any CPU
		{3EF08DF6-B9C2-478D-95B3-7AE398D9BF00}.Release|Any CPU.Build.0 = Release|Any CPU
	EndGlobalSection
	GlobalSection(SolutionProperties) = preSolution
		HideSolutionNode = FALSE
	EndGlobalSection
	GlobalSection(ExtensibilityGlobals) = postSolution
		SolutionGuid = {C1DB535C-9782-4BAA-B029-2BA25684C767}
	EndGlobalSection
EndGlobal
